{
  "nodes": {
    "agenix": {
      "inputs": {
        "nixpkgs": [
          "nixpkgs"
        ]
      },
      "locked": {
        "lastModified": 1664140963,
        "narHash": "sha256-pFxDtOLduRFlol0Y4ShE+soRQX4kbhaCNBtDOvx7ykw=",
        "owner": "ryantm",
        "repo": "agenix",
        "rev": "6acb1fe5f8597d5ce63fc82bc7fcac7774b1cdf0",
        "type": "github"
      },
      "original": {
        "owner": "ryantm",
        "ref": "0.13.0",
        "repo": "agenix",
        "type": "github"
      }
    },
    "beautysh": {
      "inputs": {
        "nixpkgs": [
          "nixvim",
          "nixpkgs"
        ],
        "poetry2nix": "poetry2nix",
        "utils": "utils_2"
      },
      "locked": {
        "lastModified": 1680308980,
        "narHash": "sha256-aUEHV0jk2qIFP3jlsWYWhBbm+w/N9gzH3e4I5DcdB5s=",
        "owner": "lovesegfault",
        "repo": "beautysh",
        "rev": "9845efc3ea3e86cc0d41465d720a47f521b2799c",
        "type": "github"
      },
      "original": {
        "owner": "lovesegfault",
        "repo": "beautysh",
        "type": "github"
      }
    },
    "blank": {
      "locked": {
        "lastModified": 1625557891,
        "narHash": "sha256-O8/MWsPBGhhyPoPLHZAuoZiiHo9q6FLlEeIDEXuj6T4=",
        "owner": "divnix",
        "repo": "blank",
        "rev": "5a5d2684073d9f563072ed07c871d577a6c614a8",
        "type": "github"
      },
      "original": {
        "owner": "divnix",
        "repo": "blank",
        "type": "github"
      }
    },
    "deploy": {
      "inputs": {
        "flake-compat": "flake-compat",
        "nixpkgs": [
          "digga",
          "latest"
        ],
        "utils": "utils"
      },
      "locked": {
        "lastModified": 1632822684,
        "narHash": "sha256-lt7eayYmgsD5OQwpb1XYfHpxttn43bWo7G7hIJs+zJw=",
        "owner": "serokell",
        "repo": "deploy-rs",
        "rev": "9a02de4373e0ec272d08a417b269a28ac8b961b4",
        "type": "github"
      },
      "original": {
        "owner": "serokell",
        "repo": "deploy-rs",
        "type": "github"
      }
    },
    "devshell": {
      "locked": {
        "lastModified": 1637575296,
        "narHash": "sha256-ZY8YR5u8aglZPe27+AJMnPTG6645WuavB+w0xmhTarw=",
        "owner": "numtide",
        "repo": "devshell",
        "rev": "0e56ef21ba1a717169953122c7415fa6a8cd2618",
        "type": "github"
      },
      "original": {
        "owner": "numtide",
        "repo": "devshell",
        "type": "github"
      }
    },
    "digga": {
      "inputs": {
        "blank": "blank",
        "deploy": "deploy",
        "devshell": "devshell",
        "flake-compat": "flake-compat_2",
        "flake-utils-plus": "flake-utils-plus",
        "home-manager": [
          "home-manager"
        ],
        "latest": "latest",
        "nixlib": "nixlib",
        "nixpkgs": [
          "nixpkgs"
        ]
      },
      "locked": {
        "lastModified": 1648855940,
        "narHash": "sha256-eBAtGnNE7wZUjlySfKXf4qc9fJmERIeLUAurkQhzYkM=",
        "owner": "divnix",
        "repo": "digga",
        "rev": "3da59b1e09c86cfe6ba3073c7bc09decdca56b05",
        "type": "github"
      },
      "original": {
        "owner": "divnix",
        "ref": "v0.11.0",
        "repo": "digga",
        "type": "github"
      }
    },
    "espanso-latex": {
      "inputs": {
        "flake-utils": "flake-utils_2",
        "nixpkgs": [
          "nixpkgs"
        ],
        "unicode-math": "unicode-math"
      },
      "locked": {
        "lastModified": 1684176443,
        "narHash": "sha256-ElgVKwpAz/jGy9p/dyuqTQVP6X7+doT63BxbnRFMPH0=",
        "owner": "zoenglinghou",
        "repo": "espanso-latex",
        "rev": "84d14796c006b774fad30b29e882cb360eacb3a9",
        "type": "github"
      },
      "original": {
        "owner": "zoenglinghou",
        "repo": "espanso-latex",
        "type": "github"
      }
    },
    "fenix": {
      "inputs": {
        "nixpkgs": [
          "nixpkgs"
        ],
        "rust-analyzer-src": "rust-analyzer-src"
      },
      "locked": {
        "lastModified": 1696918968,
        "narHash": "sha256-18rAHsM9YsGp7aKKemO4gKIeWfrSyDsdJZ/mk4dQ3JI=",
        "owner": "nix-community",
        "repo": "fenix",
        "rev": "638fc95a2a3d01b372c76f71cbb6d73c63909d6e",
        "type": "github"
      },
      "original": {
        "owner": "nix-community",
        "repo": "fenix",
        "type": "github"
      }
    },
    "flake-compat": {
      "flake": false,
      "locked": {
        "lastModified": 1627913399,
        "narHash": "sha256-hY8g6H2KFL8ownSiFeMOjwPC8P0ueXpCVEbxgda3pko=",
        "owner": "edolstra",
        "repo": "flake-compat",
        "rev": "12c64ca55c1014cdc1b16ed5a804aa8576601ff2",
        "type": "github"
      },
      "original": {
        "owner": "edolstra",
        "repo": "flake-compat",
        "type": "github"
      }
    },
    "flake-compat_2": {
      "flake": false,
      "locked": {
        "lastModified": 1641205782,
        "narHash": "sha256-4jY7RCWUoZ9cKD8co0/4tFARpWB+57+r1bLLvXNJliY=",
        "owner": "edolstra",
        "repo": "flake-compat",
        "rev": "b7547d3eed6f32d06102ead8991ec52ab0a4f1a7",
        "type": "github"
      },
      "original": {
        "owner": "edolstra",
        "repo": "flake-compat",
        "type": "github"
      }
    },
    "flake-compat_3": {
      "flake": false,
      "locked": {
        "lastModified": 1673956053,
        "narHash": "sha256-4gtG9iQuiKITOjNQQeQIpoIB6b16fm+504Ch3sNKLd8=",
        "owner": "edolstra",
        "repo": "flake-compat",
        "rev": "35bb57c0c8d8b62bbfd284272c928ceb64ddbde9",
        "type": "github"
      },
      "original": {
        "owner": "edolstra",
        "repo": "flake-compat",
        "type": "github"
      }
    },
    "flake-utils": {
      "locked": {
        "lastModified": 1638122382,
        "narHash": "sha256-sQzZzAbvKEqN9s0bzWuYmRaA03v40gaJ4+iL1LXjaeI=",
        "owner": "numtide",
        "repo": "flake-utils",
        "rev": "74f7e4319258e287b0f9cb95426c9853b282730b",
        "type": "github"
      },
      "original": {
        "owner": "numtide",
        "repo": "flake-utils",
        "type": "github"
      }
    },
    "flake-utils-plus": {
      "inputs": {
        "flake-utils": "flake-utils"
      },
      "locked": {
        "lastModified": 1639385028,
        "narHash": "sha256-oqorKz3mwf7UuDJwlbCEYCB2LfcWLL0DkeCWhRIL820=",
        "owner": "gytis-ivaskevicius",
        "repo": "flake-utils-plus",
        "rev": "be1be083af014720c14f3b574f57b6173b4915d0",
        "type": "github"
      },
      "original": {
        "owner": "gytis-ivaskevicius",
        "repo": "flake-utils-plus",
        "type": "github"
      }
    },
    "flake-utils_2": {
      "inputs": {
        "systems": "systems"
      },
      "locked": {
        "lastModified": 1681202837,
        "narHash": "sha256-H+Rh19JDwRtpVPAWp64F+rlEtxUWBAQW28eAi3SRSzg=",
        "owner": "numtide",
        "repo": "flake-utils",
        "rev": "cfacdce06f30d2b68473a46042957675eebb3401",
        "type": "github"
      },
      "original": {
        "owner": "numtide",
        "repo": "flake-utils",
        "type": "github"
      }
    },
    "flake-utils_3": {
      "inputs": {
        "systems": "systems_2"
      },
      "locked": {
        "lastModified": 1694529238,
        "narHash": "sha256-zsNZZGTGnMOf9YpHKJqMSsa0dXbfmxeoJ7xHlrt+xmY=",
        "owner": "numtide",
        "repo": "flake-utils",
        "rev": "ff7b65b44d01cf9ba6a71320833626af21126384",
        "type": "github"
      },
      "original": {
        "owner": "numtide",
        "repo": "flake-utils",
        "type": "github"
      }
    },
    "flake-utils_4": {
      "inputs": {
        "systems": "systems_3"
      },
      "locked": {
        "lastModified": 1685518550,
        "narHash": "sha256-o2d0KcvaXzTrPRIo0kOLV0/QXHhDQ5DTi+OxcjO8xqY=",
        "owner": "numtide",
        "repo": "flake-utils",
        "rev": "a1720a10a6cfe8234c0e93907ffe81be440f4cef",
        "type": "github"
      },
      "original": {
        "owner": "numtide",
        "repo": "flake-utils",
        "type": "github"
      }
    },
    "gitignore": {
      "inputs": {
        "nixpkgs": [
          "nixvim",
          "pre-commit-hooks",
          "nixpkgs"
        ]
      },
      "locked": {
        "lastModified": 1660459072,
        "narHash": "sha256-8DFJjXG8zqoONA1vXtgeKXy68KdJL5UaXR8NtVMUbx8=",
        "owner": "hercules-ci",
        "repo": "gitignore.nix",
        "rev": "a20de23b925fd8264fd7fad6454652e142fd7f73",
        "type": "github"
      },
      "original": {
        "owner": "hercules-ci",
        "repo": "gitignore.nix",
        "type": "github"
      }
    },
    "home-manager": {
      "inputs": {
        "nixpkgs": [
          "nixpkgs"
        ]
      },
      "locked": {
        "lastModified": 1695108154,
        "narHash": "sha256-gSg7UTVtls2yO9lKtP0yb66XBHT1Fx5qZSZbGMpSn2c=",
        "owner": "nix-community",
        "repo": "home-manager",
        "rev": "07682fff75d41f18327a871088d20af2710d4744",
        "type": "github"
      },
      "original": {
        "owner": "nix-community",
        "ref": "release-23.05",
        "repo": "home-manager",
        "type": "github"
      }
    },
    "hyprland": {
      "inputs": {
        "hyprland-protocols": "hyprland-protocols",
        "nixpkgs": "nixpkgs",
        "wlroots": "wlroots",
        "xdph": "xdph"
      },
      "locked": {
        "lastModified": 1691078410,
        "narHash": "sha256-t1Ksv5/xwRgi8oH9jyoIEuMHi9cYIZSg3yEJLYMb78Y=",
        "owner": "hyprwm",
        "repo": "Hyprland",
        "rev": "9654749244117f7f150c6f2a2ce4dede6e8cbb25",
        "type": "github"
      },
      "original": {
        "owner": "hyprwm",
        "ref": "v0.28.0",
        "repo": "Hyprland",
        "type": "github"
      }
    },
    "hyprland-protocols": {
      "inputs": {
        "nixpkgs": [
          "hyprland",
          "nixpkgs"
        ]
      },
      "locked": {
        "lastModified": 1684265364,
        "narHash": "sha256-AxNnWbthsuNx73HDQr0eBxrcE3+yfl/WsaXZqUFmkpQ=",
        "owner": "hyprwm",
        "repo": "hyprland-protocols",
        "rev": "8c279b9fb0f2b031427dc5ef4eab53f2ed835530",
        "type": "github"
      },
      "original": {
        "owner": "hyprwm",
        "repo": "hyprland-protocols",
        "type": "github"
      }
    },
    "latest": {
      "locked": {
        "lastModified": 1638198142,
        "narHash": "sha256-plU9b8r4St6q4U7VHtG9V7oF8k9fIpfXl/KDaZLuY9k=",
        "owner": "nixos",
        "repo": "nixpkgs",
        "rev": "8a308775674e178495767df90c419425474582a1",
        "type": "github"
      },
      "original": {
        "owner": "nixos",
        "ref": "nixos-unstable",
        "repo": "nixpkgs",
        "type": "github"
      }
    },
    "nixlib": {
      "locked": {
        "lastModified": 1641688481,
        "narHash": "sha256-6L+EU12xLDHby7y8elgFtRKVBxix+7qV8DhVgXqrKZo=",
        "owner": "nix-community",
        "repo": "nixpkgs.lib",
        "rev": "f697717b3d3a074ffc16c8c8227504f0db292886",
        "type": "github"
      },
      "original": {
        "owner": "nix-community",
        "repo": "nixpkgs.lib",
        "type": "github"
      }
    },
    "nixpkgs": {
      "locked": {
        "lastModified": 1690179384,
        "narHash": "sha256-+arbgqFTAtoeKtepW9wCnA0njCOyoiDFyl0Q0SBSOtE=",
        "owner": "NixOS",
        "repo": "nixpkgs",
        "rev": "b12803b6d90e2e583429bb79b859ca53c348b39a",
        "type": "github"
      },
      "original": {
        "owner": "NixOS",
        "ref": "nixos-unstable",
        "repo": "nixpkgs",
        "type": "github"
      }
    },
    "nixpkgs-stable": {
      "locked": {
        "lastModified": 1685801374,
        "narHash": "sha256-otaSUoFEMM+LjBI1XL/xGB5ao6IwnZOXc47qhIgJe8U=",
        "owner": "NixOS",
        "repo": "nixpkgs",
        "rev": "c37ca420157f4abc31e26f436c1145f8951ff373",
        "type": "github"
      },
      "original": {
        "owner": "NixOS",
        "ref": "nixos-23.05",
        "repo": "nixpkgs",
        "type": "github"
      }
    },
    "nixpkgs-unstable": {
      "locked": {
        "lastModified": 1696879762,
        "narHash": "sha256-Ud6bH4DMcYHUDKavNMxAhcIpDGgHMyL/yaDEAVSImQY=",
        "owner": "NixOS",
        "repo": "nixpkgs",
        "rev": "f99e5f03cc0aa231ab5950a15ed02afec45ed51a",
        "type": "github"
      },
      "original": {
        "owner": "NixOS",
        "ref": "nixos-unstable",
        "repo": "nixpkgs",
        "type": "github"
      }
    },
    "nixpkgs_2": {
      "locked": {
        "lastModified": 1696697597,
        "narHash": "sha256-q26Qv4DQ+h6IeozF2o1secyQG0jt2VUT3V0K58jr3pg=",
        "owner": "NixOS",
        "repo": "nixpkgs",
        "rev": "5a237aecb57296f67276ac9ab296a41c23981f56",
        "type": "github"
      },
      "original": {
        "owner": "NixOS",
        "ref": "nixos-23.05",
        "repo": "nixpkgs",
        "type": "github"
      }
    },
    "nixvim": {
      "inputs": {
        "beautysh": "beautysh",
        "flake-utils": "flake-utils_3",
        "nixpkgs": [
          "nixpkgs"
        ],
        "pre-commit-hooks": "pre-commit-hooks"
      },
      "locked": {
        "lastModified": 1696952723,
        "narHash": "sha256-iigcMmBZ+/XXshLe/urCB6aZmpH8pupBnysGkTkgS1o=",
        "owner": "nix-community",
        "repo": "nixvim",
        "rev": "fc5bbc733cf2762034489895bc95a82fd99b2f37",
        "type": "github"
      },
      "original": {
        "owner": "nix-community",
        "repo": "nixvim",
        "type": "github"
      }
    },
    "poetry2nix": {
      "inputs": {
        "flake-utils": [
          "nixvim",
          "beautysh",
          "utils"
        ],
        "nixpkgs": [
          "nixvim",
          "beautysh",
          "nixpkgs"
        ]
      },
      "locked": {
        "lastModified": 1658665240,
        "narHash": "sha256-/wkx7D7enyBPRjIkK0w7QxLQhzEkb3UxNQnjyc3FTUI=",
        "owner": "nix-community",
        "repo": "poetry2nix",
        "rev": "8b8edc85d24661d5a6d0d71d6a7011f3e699780f",
        "type": "github"
      },
      "original": {
        "owner": "nix-community",
        "repo": "poetry2nix",
        "type": "github"
      }
    },
    "pre-commit-hooks": {
      "inputs": {
        "flake-compat": "flake-compat_3",
        "flake-utils": "flake-utils_4",
        "gitignore": "gitignore",
        "nixpkgs": [
          "nixvim",
          "nixpkgs"
        ],
        "nixpkgs-stable": "nixpkgs-stable"
      },
      "locked": {
        "lastModified": 1696158581,
        "narHash": "sha256-h0vY4E7Lx95lpYQbG2w4QH4yG5wCYOvPJzK93wVQbT0=",
        "owner": "cachix",
        "repo": "pre-commit-hooks.nix",
        "rev": "033453f85064ccac434dfd957f95d8457901ecd6",
        "type": "github"
      },
      "original": {
        "owner": "cachix",
        "repo": "pre-commit-hooks.nix",
        "type": "github"
      }
    },
    "root": {
      "inputs": {
        "agenix": "agenix",
        "digga": "digga",
        "espanso-latex": "espanso-latex",
        "fenix": "fenix",
        "home-manager": "home-manager",
        "hyprland": "hyprland",
        "nixpkgs": "nixpkgs_2",
        "nixpkgs-unstable": "nixpkgs-unstable",
        "nixvim": "nixvim"
      }
    },
    "rust-analyzer-src": {
      "flake": false,
      "locked": {
        "lastModified": 1696840854,
        "narHash": "sha256-wphOvjDSDsUN5DMe3MOhdargANIab7YE3hkh3Qv7qso=",
        "owner": "rust-lang",
        "repo": "rust-analyzer",
        "rev": "aaa1e8e1b82d742b876d164a30dda02f318ce809",
        "type": "github"
      },
      "original": {
        "owner": "rust-lang",
        "ref": "nightly",
        "repo": "rust-analyzer",
        "type": "github"
      }
    },
    "systems": {
      "locked": {
        "lastModified": 1681028828,
        "narHash": "sha256-Vy1rq5AaRuLzOxct8nz4T6wlgyUR7zLU309k9mBC768=",
        "owner": "nix-systems",
        "repo": "default",
        "rev": "da67096a3b9bf56a91d16901293e51ba5b49a27e",
        "type": "github"
      },
      "original": {
        "owner": "nix-systems",
        "repo": "default",
        "type": "github"
      }
    },
    "systems_2": {
      "locked": {
        "lastModified": 1681028828,
        "narHash": "sha256-Vy1rq5AaRuLzOxct8nz4T6wlgyUR7zLU309k9mBC768=",
        "owner": "nix-systems",
        "repo": "default",
        "rev": "da67096a3b9bf56a91d16901293e51ba5b49a27e",
        "type": "github"
      },
      "original": {
        "owner": "nix-systems",
        "repo": "default",
        "type": "github"
      }
    },
    "systems_3": {
      "locked": {
        "lastModified": 1681028828,
        "narHash": "sha256-Vy1rq5AaRuLzOxct8nz4T6wlgyUR7zLU309k9mBC768=",
        "owner": "nix-systems",
        "repo": "default",
        "rev": "da67096a3b9bf56a91d16901293e51ba5b49a27e",
        "type": "github"
      },
      "original": {
        "owner": "nix-systems",
        "repo": "default",
        "type": "github"
      }
    },
    "unicode-math": {
      "flake": false,
      "locked": {
        "lastModified": 1642423057,
        "narHash": "sha256-8etc1FmwXGYbnOJjCIwElhKiMepYmHruWCgxrmzNpsY=",
        "owner": "wspr",
        "repo": "unicode-math",
        "rev": "d28e48e46392516bae43bd9cb15660f7037e47ac",
        "type": "github"
      },
      "original": {
        "owner": "wspr",
        "repo": "unicode-math",
        "type": "github"
      }
    },
    "utils": {
      "locked": {
        "lastModified": 1638122382,
        "narHash": "sha256-sQzZzAbvKEqN9s0bzWuYmRaA03v40gaJ4+iL1LXjaeI=",
        "owner": "numtide",
        "repo": "flake-utils",
        "rev": "74f7e4319258e287b0f9cb95426c9853b282730b",
        "type": "github"
      },
      "original": {
        "owner": "numtide",
        "repo": "flake-utils",
        "type": "github"
      }
    },
    "utils_2": {
      "locked": {
        "lastModified": 1678901627,
        "narHash": "sha256-U02riOqrKKzwjsxc/400XnElV+UtPUQWpANPlyazjH0=",
        "owner": "numtide",
        "repo": "flake-utils",
        "rev": "93a2b84fc4b70d9e089d029deacc3583435c2ed6",
        "type": "github"
      },
      "original": {
        "owner": "numtide",
        "repo": "flake-utils",
        "type": "github"
      }
    },
    "wlroots": {
      "flake": false,
      "locked": {
        "host": "gitlab.freedesktop.org",
        "lastModified": 1690165843,
        "narHash": "sha256-gv5kjss6REeQG0BmvK2gTx7jHLRdCnP25po6It6I6N8=",
        "owner": "wlroots",
        "repo": "wlroots",
        "rev": "e8d545a9770a2473db32e0a0bfa757b05d2af4f3",
        "type": "gitlab"
      },
      "original": {
        "host": "gitlab.freedesktop.org",
        "owner": "wlroots",
        "repo": "wlroots",
        "rev": "e8d545a9770a2473db32e0a0bfa757b05d2af4f3",
        "type": "gitlab"
      }
    },
    "xdph": {
      "inputs": {
        "hyprland-protocols": [
          "hyprland",
          "hyprland-protocols"
        ],
        "nixpkgs": [
          "hyprland",
          "nixpkgs"
        ]
      },
      "locked": {
        "lastModified": 1685385764,
        "narHash": "sha256-r+XMyOoRXq+hlfjayb+fyi9kq2JK48TrwuNIAXqlj7U=",
        "owner": "hyprwm",
        "repo": "xdg-desktop-portal-hyprland",
        "rev": "4d9ff0c17716936e0b5ca577a39e263633901ed1",
        "type": "github"
      },
      "original": {
        "owner": "hyprwm",
        "repo": "xdg-desktop-portal-hyprland",
        "type": "github"
      }
    }
  },
  "root": "root",
  "version": 7
}
